
Microsoft Visual Studio Solution File, Format Version 12.00
# Visual Studio Version 17
VisualStudioVersion = 17.3.32825.248
MinimumVisualStudioVersion = 10.0.40219.1
Project("{FAE04EC0-301F-11D3-BF4B-00C04F79EFBC}") = "ToDoApi", "ToDoApi\ToDoApi.csproj", "{96F2DE46-187C-47FA-9C9E-F16CB41C5D1D}"
EndProject
Global
	GlobalSection(SolutionConfigurationPlatforms) = preSolution
		Debug|Any CPU = Debug|Any CPU
		Release|Any CPU = Release|Any CPU
	EndGlobalSection
	GlobalSection(ProjectConfigurationPlatforms) = postSolution
		{96F2DE46-187C-47FA-9C9E-F16CB41C5D1D}.Debug|Any CPU.ActiveCfg = Debug|Any CPU
		{96F2DE46-187C-47FA-9C9E-F16CB41C5D1D}.Debug|Any CPU.Build.0 = Debug|Any CPU
		{96F2DE46-187C-47FA-9C9E-F16CB41C5D1D}.Release|Any CPU.ActiveCfg = Release|Any CPU
		{96F2DE46-187C-47FA-9C9E-F16CB41C5D1D}.Release|Any CPU.Build.0 = Release|Any CPU
	EndGlobalSection
	GlobalSection(SolutionProperties) = preSolution
		HideSolutionNode = FALSE
	EndGlobalSection
	GlobalSection(ExtensibilityGlobals) = postSolution
		SolutionGuid = {9F835C48-EAE4-4738-BFA5-29356BE407D4}
	EndGlobalSection
EndGlobal
